
Microsoft Visual Studio Solution File, Format Version 12.00
# Visual Studio Version 17
VisualStudioVersion = 17.0.31903.59
MinimumVisualStudioVersion = 10.0.40219.1
Project("{9A19103F-16F7-4668-BE54-9A1E7A4F7556}") = "SistemaGestionEntities", "SistemaGestionEntities\SistemaGestionEntities.csproj", "{6C549FF1-AA65-41F2-ABEE-9CA0B58E7255}"
EndProject
Project("{9A19103F-16F7-4668-BE54-9A1E7A4F7556}") = "SistemaGestionData", "SistemaGestionData\SistemaGestionData.csproj", "{1E9CFB47-4474-46DA-B9D5-25B363AC6603}"
EndProject
Project("{9A19103F-16F7-4668-BE54-9A1E7A4F7556}") = "SistemaGestionBussiness", "SistemaGestionBussiness\SistemaGestionBussiness.csproj", "{16EDF422-BA1D-49F1-A0F3-FB2AF09DAB31}"
EndProject
Project("{9A19103F-16F7-4668-BE54-9A1E7A4F7556}") = "SistemaGestionUI", "SistemaGestionUI\SistemaGestionUI.csproj", "{DB06401B-A5FF-41F5-9575-8231A7DAC545}"
EndProject
Project("{9A19103F-16F7-4668-BE54-9A1E7A4F7556}") = "SistemaGestionWebApi", "SistemaGestionWebApi\SistemaGestionWebApi.csproj", "{84B67FBC-1C85-4AFD-B0E5-3D9195D7EAB2}"
EndProject
Global
	GlobalSection(SolutionConfigurationPlatforms) = preSolution
		Debug|Any CPU = Debug|Any CPU
		Release|Any CPU = Release|Any CPU
	EndGlobalSection
	GlobalSection(ProjectConfigurationPlatforms) = postSolution
		{6C549FF1-AA65-41F2-ABEE-9CA0B58E7255}.Debug|Any CPU.ActiveCfg = Debug|Any CPU
		{6C549FF1-AA65-41F2-ABEE-9CA0B58E7255}.Debug|Any CPU.Build.0 = Debug|Any CPU
		{6C549FF1-AA65-41F2-ABEE-9CA0B58E7255}.Release|Any CPU.ActiveCfg = Release|Any CPU
		{6C549FF1-AA65-41F2-ABEE-9CA0B58E7255}.Release|Any CPU.Build.0 = Release|Any CPU
		{1E9CFB47-4474-46DA-B9D5-25B363AC6603}.Debug|Any CPU.ActiveCfg = Debug|Any CPU
		{1E9CFB47-4474-46DA-B9D5-25B363AC6603}.Debug|Any CPU.Build.0 = Debug|Any CPU
		{1E9CFB47-4474-46DA-B9D5-25B363AC6603}.Release|Any CPU.ActiveCfg = Release|Any CPU
		{1E9CFB47-4474-46DA-B9D5-25B363AC6603}.Release|Any CPU.Build.0 = Release|Any CPU
		{16EDF422-BA1D-49F1-A0F3-FB2AF09DAB31}.Debug|Any CPU.ActiveCfg = Debug|Any CPU
		{16EDF422-BA1D-49F1-A0F3-FB2AF09DAB31}.Debug|Any CPU.Build.0 = Debug|Any CPU
		{16EDF422-BA1D-49F1-A0F3-FB2AF09DAB31}.Release|Any CPU.ActiveCfg = Release|Any CPU
		{16EDF422-BA1D-49F1-A0F3-FB2AF09DAB31}.Release|Any CPU.Build.0 = Release|Any CPU
		{DB06401B-A5FF-41F5-9575-8231A7DAC545}.Debug|Any CPU.ActiveCfg = Debug|Any CPU
		{DB06401B-A5FF-41F5-9575-8231A7DAC545}.Debug|Any CPU.Build.0 = Debug|Any CPU
		{DB06401B-A5FF-41F5-9575-8231A7DAC545}.Release|Any CPU.ActiveCfg = Release|Any CPU
		{DB06401B-A5FF-41F5-9575-8231A7DAC545}.Release|Any CPU.Build.0 = Release|Any CPU
		{84B67FBC-1C85-4AFD-B0E5-3D9195D7EAB2}.Debug|Any CPU.ActiveCfg = Debug|Any CPU
		{84B67FBC-1C85-4AFD-B0E5-3D9195D7EAB2}.Debug|Any CPU.Build.0 = Debug|Any CPU
		{84B67FBC-1C85-4AFD-B0E5-3D9195D7EAB2}.Release|Any CPU.ActiveCfg = Release|Any CPU
		{84B67FBC-1C85-4AFD-B0E5-3D9195D7EAB2}.Release|Any CPU.Build.0 = Release|Any CPU
	EndGlobalSection
	GlobalSection(SolutionProperties) = preSolution
		HideSolutionNode = FALSE
	EndGlobalSection
	GlobalSection(ExtensibilityGlobals) = postSolution
		SolutionGuid = {F33C890D-A289-445A-A3D4-A39F28560C98}
	EndGlobalSection
EndGlobal
